{
  "nodes": {
    "nixpkgs": {
      "locked": {
        "lastModified": 1661029745,
        "narHash": "sha256-FOebhQtburmMpOzBYeYjuk5W0RGJTWTLb0OBqNzLZPI=",
        "owner": "Princemachiavelli",
        "repo": "nixpkgs",
        "rev": "0dce8eea3eae58b27ac74540d51137e6097b952d",
        "type": "github"
      },
      "original": {
        "owner": "Princemachiavelli",
        "ref": "unstable-good",
        "repo": "nixpkgs",
        "type": "github"
      }
    },
    "root": {
      "inputs": {
        "nixpkgs": "nixpkgs"
      }
    }
  },
  "root": "root",
  "version": 7
}
