{
  "nodes": {
    "nixpkgs": {
      "locked": {
        "lastModified": 1660538590,
        "narHash": "sha256-9l6vQdEOlVCTyNWV8p5iJ4Z5VMXLtGquviLuYsgFCu0=",
        "owner": "Princemachiavelli",
        "repo": "nixpkgs",
        "rev": "7d6d77975677927aa9ba5fd5895eea99107c1858",
        "type": "github"
      },
      "original": {
        "owner": "Princemachiavelli",
        "ref": "unstable-good",
        "repo": "nixpkgs",
        "type": "github"
      }
    },
    "root": {
      "inputs": {
        "nixpkgs": "nixpkgs"
      }
    }
  },
  "root": "root",
  "version": 7
}
